// !$*UTF8*$!
{
	archiveVersion = 1;
	classes = {
	};
	objectVersion = 56;
	objects = {

/* Begin PBXBuildFile section */
		1D012DC52ABB5DA40046BAD7 /* PetViewController.swift in Sources */ = {isa = PBXBuildFile; fileRef = 1D012DC42ABB5DA40046BAD7 /* PetViewController.swift */; };
		1D012DC72ABB5DD70046BAD7 /* PetView.swift in Sources */ = {isa = PBXBuildFile; fileRef = 1D012DC62ABB5DD70046BAD7 /* PetView.swift */; };
		1D012DC92ABC10000046BAD7 /* ProfileView.swift in Sources */ = {isa = PBXBuildFile; fileRef = 1D012DC82ABC10000046BAD7 /* ProfileView.swift */; };
		1D012DD12ABC1A520046BAD7 /* TaskModel.xcdatamodeld in Sources */ = {isa = PBXBuildFile; fileRef = 1D012DCF2ABC1A520046BAD7 /* TaskModel.xcdatamodeld */; };
		1D012DD32ABCA2560046BAD7 /* PictureCollectionViewCell.swift in Sources */ = {isa = PBXBuildFile; fileRef = 1D012DD22ABCA2560046BAD7 /* PictureCollectionViewCell.swift */; };
		1DBA4DE82AB04C52009E615C /* AppDelegate.swift in Sources */ = {isa = PBXBuildFile; fileRef = 1DBA4DE72AB04C52009E615C /* AppDelegate.swift */; };
		1DBA4DEA2AB04C52009E615C /* SceneDelegate.swift in Sources */ = {isa = PBXBuildFile; fileRef = 1DBA4DE92AB04C52009E615C /* SceneDelegate.swift */; };
		1DBA4DEC2AB04C52009E615C /* HomeViewController.swift in Sources */ = {isa = PBXBuildFile; fileRef = 1DBA4DEB2AB04C52009E615C /* HomeViewController.swift */; };
		1DBA4DF12AB04C53009E615C /* Assets.xcassets in Resources */ = {isa = PBXBuildFile; fileRef = 1DBA4DF02AB04C53009E615C /* Assets.xcassets */; };
		1DBA4DF42AB04C53009E615C /* LaunchScreen.storyboard in Resources */ = {isa = PBXBuildFile; fileRef = 1DBA4DF22AB04C53009E615C /* LaunchScreen.storyboard */; };
		1DBA4DFD2AB05BEB009E615C /* SnapKit in Frameworks */ = {isa = PBXBuildFile; productRef = 1DBA4DFC2AB05BEB009E615C /* SnapKit */; };
		1DBA4DFF2AB13E95009E615C /* ToDoViewController.swift in Sources */ = {isa = PBXBuildFile; fileRef = 1DBA4DFE2AB13E95009E615C /* ToDoViewController.swift */; };
		1DBA4E232AB19F51009E615C /* DoneViewController.swift in Sources */ = {isa = PBXBuildFile; fileRef = 1DBA4E222AB19F51009E615C /* DoneViewController.swift */; };
		1DBA4E252AB1A4C0009E615C /* AddPageViewController.swift in Sources */ = {isa = PBXBuildFile; fileRef = 1DBA4E242AB1A4C0009E615C /* AddPageViewController.swift */; };
		1DBA4E272AB1BEBD009E615C /* ToDoTableViewCell.swift in Sources */ = {isa = PBXBuildFile; fileRef = 1DBA4E262AB1BEBD009E615C /* ToDoTableViewCell.swift */; };
		1DBA4E292AB1BF9D009E615C /* ToDoModel.swift in Sources */ = {isa = PBXBuildFile; fileRef = 1DBA4E282AB1BF9D009E615C /* ToDoModel.swift */; };
		1DBA4E302AB313D1009E615C /* Util.swift in Sources */ = {isa = PBXBuildFile; fileRef = 1DBA4E2F2AB313D1009E615C /* Util.swift */; };
		1DBA4E332AB81CB1009E615C /* Alamofire in Frameworks */ = {isa = PBXBuildFile; productRef = 1DBA4E322AB81CB1009E615C /* Alamofire */; };
		1DBA4E3C2AB98E5E009E615C /* HomeView.swift in Sources */ = {isa = PBXBuildFile; fileRef = 1DBA4E3B2AB98E5E009E615C /* HomeView.swift */; };
		1DBA4E3E2AB991B4009E615C /* ToDoView.swift in Sources */ = {isa = PBXBuildFile; fileRef = 1DBA4E3D2AB991B4009E615C /* ToDoView.swift */; };
		1DBA4E412AB99C78009E615C /* TaskStruct.swift in Sources */ = {isa = PBXBuildFile; fileRef = 1DBA4E402AB99C78009E615C /* TaskStruct.swift */; };
		1DBA4E432AB9C13B009E615C /* ProfileViewController.swift in Sources */ = {isa = PBXBuildFile; fileRef = 1DBA4E422AB9C13B009E615C /* ProfileViewController.swift */; };
		1DBA4E452ABA7553009E615C /* DoneView.swift in Sources */ = {isa = PBXBuildFile; fileRef = 1DBA4E442ABA7553009E615C /* DoneView.swift */; };
		1DBA4E472ABA794D009E615C /* DoneTableViewCell.swift in Sources */ = {isa = PBXBuildFile; fileRef = 1DBA4E462ABA794D009E615C /* DoneTableViewCell.swift */; };
		1DF48CFA2ABD3680002CA965 /* ViewModel.swift in Sources */ = {isa = PBXBuildFile; fileRef = 1DF48CF92ABD3680002CA965 /* ViewModel.swift */; };
/* End PBXBuildFile section */

/* Begin PBXFileReference section */
		1D012DC42ABB5DA40046BAD7 /* PetViewController.swift */ = {isa = PBXFileReference; lastKnownFileType = sourcecode.swift; path = PetViewController.swift; sourceTree = "<group>"; };
		1D012DC62ABB5DD70046BAD7 /* PetView.swift */ = {isa = PBXFileReference; lastKnownFileType = sourcecode.swift; path = PetView.swift; sourceTree = "<group>"; };
		1D012DC82ABC10000046BAD7 /* ProfileView.swift */ = {isa = PBXFileReference; lastKnownFileType = sourcecode.swift; path = ProfileView.swift; sourceTree = "<group>"; };
		1D012DD02ABC1A520046BAD7 /* TaskModel.xcdatamodel */ = {isa = PBXFileReference; lastKnownFileType = wrapper.xcdatamodel; path = TaskModel.xcdatamodel; sourceTree = "<group>"; };
		1D012DD22ABCA2560046BAD7 /* PictureCollectionViewCell.swift */ = {isa = PBXFileReference; lastKnownFileType = sourcecode.swift; path = PictureCollectionViewCell.swift; sourceTree = "<group>"; };
		1DBA4DE42AB04C52009E615C /* myToDoList.app */ = {isa = PBXFileReference; explicitFileType = wrapper.application; includeInIndex = 0; path = myToDoList.app; sourceTree = BUILT_PRODUCTS_DIR; };
		1DBA4DE72AB04C52009E615C /* AppDelegate.swift */ = {isa = PBXFileReference; lastKnownFileType = sourcecode.swift; path = AppDelegate.swift; sourceTree = "<group>"; };
		1DBA4DE92AB04C52009E615C /* SceneDelegate.swift */ = {isa = PBXFileReference; lastKnownFileType = sourcecode.swift; path = SceneDelegate.swift; sourceTree = "<group>"; };
		1DBA4DEB2AB04C52009E615C /* HomeViewController.swift */ = {isa = PBXFileReference; lastKnownFileType = sourcecode.swift; path = HomeViewController.swift; sourceTree = "<group>"; };
		1DBA4DF02AB04C53009E615C /* Assets.xcassets */ = {isa = PBXFileReference; lastKnownFileType = folder.assetcatalog; path = Assets.xcassets; sourceTree = "<group>"; };
		1DBA4DF32AB04C53009E615C /* Base */ = {isa = PBXFileReference; lastKnownFileType = file.storyboard; name = Base; path = Base.lproj/LaunchScreen.storyboard; sourceTree = "<group>"; };
		1DBA4DF52AB04C53009E615C /* Info.plist */ = {isa = PBXFileReference; lastKnownFileType = text.plist.xml; path = Info.plist; sourceTree = "<group>"; };
		1DBA4DFE2AB13E95009E615C /* ToDoViewController.swift */ = {isa = PBXFileReference; lastKnownFileType = sourcecode.swift; path = ToDoViewController.swift; sourceTree = "<group>"; };
		1DBA4E222AB19F51009E615C /* DoneViewController.swift */ = {isa = PBXFileReference; lastKnownFileType = sourcecode.swift; path = DoneViewController.swift; sourceTree = "<group>"; };
		1DBA4E242AB1A4C0009E615C /* AddPageViewController.swift */ = {isa = PBXFileReference; lastKnownFileType = sourcecode.swift; path = AddPageViewController.swift; sourceTree = "<group>"; };
		1DBA4E262AB1BEBD009E615C /* ToDoTableViewCell.swift */ = {isa = PBXFileReference; lastKnownFileType = sourcecode.swift; path = ToDoTableViewCell.swift; sourceTree = "<group>"; };
		1DBA4E282AB1BF9D009E615C /* ToDoModel.swift */ = {isa = PBXFileReference; lastKnownFileType = sourcecode.swift; path = ToDoModel.swift; sourceTree = "<group>"; };
		1DBA4E2F2AB313D1009E615C /* Util.swift */ = {isa = PBXFileReference; lastKnownFileType = sourcecode.swift; path = Util.swift; sourceTree = "<group>"; };
		1DBA4E3B2AB98E5E009E615C /* HomeView.swift */ = {isa = PBXFileReference; lastKnownFileType = sourcecode.swift; path = HomeView.swift; sourceTree = "<group>"; };
		1DBA4E3D2AB991B4009E615C /* ToDoView.swift */ = {isa = PBXFileReference; lastKnownFileType = sourcecode.swift; path = ToDoView.swift; sourceTree = "<group>"; };
		1DBA4E402AB99C78009E615C /* TaskStruct.swift */ = {isa = PBXFileReference; lastKnownFileType = sourcecode.swift; path = TaskStruct.swift; sourceTree = "<group>"; };
		1DBA4E422AB9C13B009E615C /* ProfileViewController.swift */ = {isa = PBXFileReference; lastKnownFileType = sourcecode.swift; path = ProfileViewController.swift; sourceTree = "<group>"; };
		1DBA4E442ABA7553009E615C /* DoneView.swift */ = {isa = PBXFileReference; lastKnownFileType = sourcecode.swift; path = DoneView.swift; sourceTree = "<group>"; };
		1DBA4E462ABA794D009E615C /* DoneTableViewCell.swift */ = {isa = PBXFileReference; lastKnownFileType = sourcecode.swift; path = DoneTableViewCell.swift; sourceTree = "<group>"; };
		1DF48CF92ABD3680002CA965 /* ViewModel.swift */ = {isa = PBXFileReference; lastKnownFileType = sourcecode.swift; path = ViewModel.swift; sourceTree = "<group>"; };
/* End PBXFileReference section */

/* Begin PBXFrameworksBuildPhase section */
		1DBA4DE12AB04C52009E615C /* Frameworks */ = {
			isa = PBXFrameworksBuildPhase;
			buildActionMask = 2147483647;
			files = (
				1DBA4DFD2AB05BEB009E615C /* SnapKit in Frameworks */,
				1DBA4E332AB81CB1009E615C /* Alamofire in Frameworks */,
			);
			runOnlyForDeploymentPostprocessing = 0;
		};
/* End PBXFrameworksBuildPhase section */

/* Begin PBXGroup section */
		1DBA4DDB2AB04C52009E615C = {
			isa = PBXGroup;
			children = (
				1D012DCF2ABC1A520046BAD7 /* TaskModel.xcdatamodeld */,
				1DBA4DE62AB04C52009E615C /* myToDoList */,
				1DBA4DE52AB04C52009E615C /* Products */,
			);
			sourceTree = "<group>";
		};
		1DBA4DE52AB04C52009E615C /* Products */ = {
			isa = PBXGroup;
			children = (
				1DBA4DE42AB04C52009E615C /* myToDoList.app */,
			);
			name = Products;
			sourceTree = "<group>";
		};
		1DBA4DE62AB04C52009E615C /* myToDoList */ = {
			isa = PBXGroup;
			children = (
				1DBA4DE72AB04C52009E615C /* AppDelegate.swift */,
				1DBA4DE92AB04C52009E615C /* SceneDelegate.swift */,
				1DBA4E362AB98BD6009E615C /* Model */,
				1DBA4E382AB98BE7009E615C /* Controller */,
				1DBA4E372AB98BDF009E615C /* View */,
				1DBA4E242AB1A4C0009E615C /* AddPageViewController.swift */,
				1DBA4DF02AB04C53009E615C /* Assets.xcassets */,
				1DBA4DF22AB04C53009E615C /* LaunchScreen.storyboard */,
				1DBA4DF52AB04C53009E615C /* Info.plist */,
				1DBA4E2F2AB313D1009E615C /* Util.swift */,
			);
			path = myToDoList;
			sourceTree = "<group>";
		};
		1DBA4E362AB98BD6009E615C /* Model */ = {
			isa = PBXGroup;
			children = (
				1DBA4E282AB1BF9D009E615C /* ToDoModel.swift */,
				1DBA4E402AB99C78009E615C /* TaskStruct.swift */,
				1DF48CF92ABD3680002CA965 /* ViewModel.swift */,
			);
			path = Model;
			sourceTree = "<group>";
		};
		1DBA4E372AB98BDF009E615C /* View */ = {
			isa = PBXGroup;
			children = (
				1DBA4E3F2AB99C55009E615C /* Cell */,
				1DBA4E3D2AB991B4009E615C /* ToDoView.swift */,
				1DBA4E3B2AB98E5E009E615C /* HomeView.swift */,
				1DBA4E442ABA7553009E615C /* DoneView.swift */,
				1D012DC62ABB5DD70046BAD7 /* PetView.swift */,
				1D012DC82ABC10000046BAD7 /* ProfileView.swift */,
			);
			path = View;
			sourceTree = "<group>";
		};
		1DBA4E382AB98BE7009E615C /* Controller */ = {
			isa = PBXGroup;
			children = (
				1DBA4E222AB19F51009E615C /* DoneViewController.swift */,
				1DBA4DFE2AB13E95009E615C /* ToDoViewController.swift */,
				1DBA4DEB2AB04C52009E615C /* HomeViewController.swift */,
				1DBA4E422AB9C13B009E615C /* ProfileViewController.swift */,
				1D012DC42ABB5DA40046BAD7 /* PetViewController.swift */,
			);
			path = Controller;
			sourceTree = "<group>";
		};
		1DBA4E3F2AB99C55009E615C /* Cell */ = {
			isa = PBXGroup;
			children = (
				1DBA4E262AB1BEBD009E615C /* ToDoTableViewCell.swift */,
				1DBA4E462ABA794D009E615C /* DoneTableViewCell.swift */,
				1D012DD22ABCA2560046BAD7 /* PictureCollectionViewCell.swift */,
			);
			path = Cell;
			sourceTree = "<group>";
		};
/* End PBXGroup section */

/* Begin PBXNativeTarget section */
		1DBA4DE32AB04C52009E615C /* myToDoList */ = {
			isa = PBXNativeTarget;
			buildConfigurationList = 1DBA4DF82AB04C53009E615C /* Build configuration list for PBXNativeTarget "myToDoList" */;
			buildPhases = (
				1DBA4DE02AB04C52009E615C /* Sources */,
				1DBA4DE12AB04C52009E615C /* Frameworks */,
				1DBA4DE22AB04C52009E615C /* Resources */,
			);
			buildRules = (
			);
			dependencies = (
			);
			name = myToDoList;
			packageProductDependencies = (
				1DBA4DFC2AB05BEB009E615C /* SnapKit */,
				1DBA4E322AB81CB1009E615C /* Alamofire */,
			);
			productName = myToDoList;
			productReference = 1DBA4DE42AB04C52009E615C /* myToDoList.app */;
			productType = "com.apple.product-type.application";
		};
/* End PBXNativeTarget section */

/* Begin PBXProject section */
		1DBA4DDC2AB04C52009E615C /* Project object */ = {
			isa = PBXProject;
			attributes = {
				BuildIndependentTargetsInParallel = 1;
				LastSwiftUpdateCheck = 1430;
				LastUpgradeCheck = 1430;
				TargetAttributes = {
					1DBA4DE32AB04C52009E615C = {
						CreatedOnToolsVersion = 14.3.1;
					};
				};
			};
			buildConfigurationList = 1DBA4DDF2AB04C52009E615C /* Build configuration list for PBXProject "myToDoList" */;
			compatibilityVersion = "Xcode 14.0";
			developmentRegion = en;
			hasScannedForEncodings = 0;
			knownRegions = (
				en,
				Base,
			);
			mainGroup = 1DBA4DDB2AB04C52009E615C;
			packageReferences = (
				1DBA4DFB2AB05BEB009E615C /* XCRemoteSwiftPackageReference "SnapKit" */,
				1DBA4E312AB81CB1009E615C /* XCRemoteSwiftPackageReference "Alamofire" */,
			);
			productRefGroup = 1DBA4DE52AB04C52009E615C /* Products */;
			projectDirPath = "";
			projectRoot = "";
			targets = (
				1DBA4DE32AB04C52009E615C /* myToDoList */,
			);
		};
/* End PBXProject section */

/* Begin PBXResourcesBuildPhase section */
		1DBA4DE22AB04C52009E615C /* Resources */ = {
			isa = PBXResourcesBuildPhase;
			buildActionMask = 2147483647;
			files = (
				1DBA4DF42AB04C53009E615C /* LaunchScreen.storyboard in Resources */,
				1DBA4DF12AB04C53009E615C /* Assets.xcassets in Resources */,
			);
			runOnlyForDeploymentPostprocessing = 0;
		};
/* End PBXResourcesBuildPhase section */

/* Begin PBXSourcesBuildPhase section */
		1DBA4DE02AB04C52009E615C /* Sources */ = {
			isa = PBXSourcesBuildPhase;
			buildActionMask = 2147483647;
			files = (
				1D012DD32ABCA2560046BAD7 /* PictureCollectionViewCell.swift in Sources */,
				1DBA4E3E2AB991B4009E615C /* ToDoView.swift in Sources */,
				1DBA4E272AB1BEBD009E615C /* ToDoTableViewCell.swift in Sources */,
				1DBA4E302AB313D1009E615C /* Util.swift in Sources */,
				1DBA4E412AB99C78009E615C /* TaskStruct.swift in Sources */,
				1DBA4E292AB1BF9D009E615C /* ToDoModel.swift in Sources */,
				1D012DC92ABC10000046BAD7 /* ProfileView.swift in Sources */,
				1DBA4E3C2AB98E5E009E615C /* HomeView.swift in Sources */,
				1DBA4DFF2AB13E95009E615C /* ToDoViewController.swift in Sources */,
				1DBA4E432AB9C13B009E615C /* ProfileViewController.swift in Sources */,
				1DBA4E252AB1A4C0009E615C /* AddPageViewController.swift in Sources */,
				1D012DD12ABC1A520046BAD7 /* TaskModel.xcdatamodeld in Sources */,
				1DBA4E232AB19F51009E615C /* DoneViewController.swift in Sources */,
				1D012DC52ABB5DA40046BAD7 /* PetViewController.swift in Sources */,
				1DF48CFA2ABD3680002CA965 /* ViewModel.swift in Sources */,
				1DBA4E452ABA7553009E615C /* DoneView.swift in Sources */,
				1DBA4DEC2AB04C52009E615C /* HomeViewController.swift in Sources */,
				1D012DC72ABB5DD70046BAD7 /* PetView.swift in Sources */,
				1DBA4DE82AB04C52009E615C /* AppDelegate.swift in Sources */,
				1DBA4E472ABA794D009E615C /* DoneTableViewCell.swift in Sources */,
				1DBA4DEA2AB04C52009E615C /* SceneDelegate.swift in Sources */,
			);
			runOnlyForDeploymentPostprocessing = 0;
		};
/* End PBXSourcesBuildPhase section */

/* Begin PBXVariantGroup section */
		1DBA4DF22AB04C53009E615C /* LaunchScreen.storyboard */ = {
			isa = PBXVariantGroup;
			children = (
				1DBA4DF32AB04C53009E615C /* Base */,
			);
			name = LaunchScreen.storyboard;
			sourceTree = "<group>";
		};
/* End PBXVariantGroup section */

/* Begin XCBuildConfiguration section */
		1DBA4DF62AB04C53009E615C /* Debug */ = {
			isa = XCBuildConfiguration;
			buildSettings = {
				ALWAYS_SEARCH_USER_PATHS = NO;
				CLANG_ANALYZER_NONNULL = YES;
				CLANG_ANALYZER_NUMBER_OBJECT_CONVERSION = YES_AGGRESSIVE;
				CLANG_CXX_LANGUAGE_STANDARD = "gnu++20";
				CLANG_ENABLE_MODULES = YES;
				CLANG_ENABLE_OBJC_ARC = YES;
				CLANG_ENABLE_OBJC_WEAK = YES;
				CLANG_WARN_BLOCK_CAPTURE_AUTORELEASING = YES;
				CLANG_WARN_BOOL_CONVERSION = YES;
				CLANG_WARN_COMMA = YES;
				CLANG_WARN_CONSTANT_CONVERSION = YES;
				CLANG_WARN_DEPRECATED_OBJC_IMPLEMENTATIONS = YES;
				CLANG_WARN_DIRECT_OBJC_ISA_USAGE = YES_ERROR;
				CLANG_WARN_DOCUMENTATION_COMMENTS = YES;
				CLANG_WARN_EMPTY_BODY = YES;
				CLANG_WARN_ENUM_CONVERSION = YES;
				CLANG_WARN_INFINITE_RECURSION = YES;
				CLANG_WARN_INT_CONVERSION = YES;
				CLANG_WARN_NON_LITERAL_NULL_CONVERSION = YES;
				CLANG_WARN_OBJC_IMPLICIT_RETAIN_SELF = YES;
				CLANG_WARN_OBJC_LITERAL_CONVERSION = YES;
				CLANG_WARN_OBJC_ROOT_CLASS = YES_ERROR;
				CLANG_WARN_QUOTED_INCLUDE_IN_FRAMEWORK_HEADER = YES;
				CLANG_WARN_RANGE_LOOP_ANALYSIS = YES;
				CLANG_WARN_STRICT_PROTOTYPES = YES;
				CLANG_WARN_SUSPICIOUS_MOVE = YES;
				CLANG_WARN_UNGUARDED_AVAILABILITY = YES_AGGRESSIVE;
				CLANG_WARN_UNREACHABLE_CODE = YES;
				CLANG_WARN__DUPLICATE_METHOD_MATCH = YES;
				COPY_PHASE_STRIP = NO;
				DEBUG_INFORMATION_FORMAT = dwarf;
				ENABLE_STRICT_OBJC_MSGSEND = YES;
				ENABLE_TESTABILITY = YES;
				GCC_C_LANGUAGE_STANDARD = gnu11;
				GCC_DYNAMIC_NO_PIC = NO;
				GCC_NO_COMMON_BLOCKS = YES;
				GCC_OPTIMIZATION_LEVEL = 0;
				GCC_PREPROCESSOR_DEFINITIONS = (
					"DEBUG=1",
					"$(inherited)",
				);
				GCC_WARN_64_TO_32_BIT_CONVERSION = YES;
				GCC_WARN_ABOUT_RETURN_TYPE = YES_ERROR;
				GCC_WARN_UNDECLARED_SELECTOR = YES;
				GCC_WARN_UNINITIALIZED_AUTOS = YES_AGGRESSIVE;
				GCC_WARN_UNUSED_FUNCTION = YES;
				GCC_WARN_UNUSED_VARIABLE = YES;
				IPHONEOS_DEPLOYMENT_TARGET = 16.4;
				MTL_ENABLE_DEBUG_INFO = INCLUDE_SOURCE;
				MTL_FAST_MATH = YES;
				ONLY_ACTIVE_ARCH = YES;
				SDKROOT = iphoneos;
				SWIFT_ACTIVE_COMPILATION_CONDITIONS = DEBUG;
				SWIFT_OPTIMIZATION_LEVEL = "-Onone";
			};
			name = Debug;
		};
		1DBA4DF72AB04C53009E615C /* Release */ = {
			isa = XCBuildConfiguration;
			buildSettings = {
				ALWAYS_SEARCH_USER_PATHS = NO;
				CLANG_ANALYZER_NONNULL = YES;
				CLANG_ANALYZER_NUMBER_OBJECT_CONVERSION = YES_AGGRESSIVE;
				CLANG_CXX_LANGUAGE_STANDARD = "gnu++20";
				CLANG_ENABLE_MODULES = YES;
				CLANG_ENABLE_OBJC_ARC = YES;
				CLANG_ENABLE_OBJC_WEAK = YES;
				CLANG_WARN_BLOCK_CAPTURE_AUTORELEASING = YES;
				CLANG_WARN_BOOL_CONVERSION = YES;
				CLANG_WARN_COMMA = YES;
				CLANG_WARN_CONSTANT_CONVERSION = YES;
				CLANG_WARN_DEPRECATED_OBJC_IMPLEMENTATIONS = YES;
				CLANG_WARN_DIRECT_OBJC_ISA_USAGE = YES_ERROR;
				CLANG_WARN_DOCUMENTATION_COMMENTS = YES;
				CLANG_WARN_EMPTY_BODY = YES;
				CLANG_WARN_ENUM_CONVERSION = YES;
				CLANG_WARN_INFINITE_RECURSION = YES;
				CLANG_WARN_INT_CONVERSION = YES;
				CLANG_WARN_NON_LITERAL_NULL_CONVERSION = YES;
				CLANG_WARN_OBJC_IMPLICIT_RETAIN_SELF = YES;
				CLANG_WARN_OBJC_LITERAL_CONVERSION = YES;
				CLANG_WARN_OBJC_ROOT_CLASS = YES_ERROR;
				CLANG_WARN_QUOTED_INCLUDE_IN_FRAMEWORK_HEADER = YES;
				CLANG_WARN_RANGE_LOOP_ANALYSIS = YES;
				CLANG_WARN_STRICT_PROTOTYPES = YES;
				CLANG_WARN_SUSPICIOUS_MOVE = YES;
				CLANG_WARN_UNGUARDED_AVAILABILITY = YES_AGGRESSIVE;
				CLANG_WARN_UNREACHABLE_CODE = YES;
				CLANG_WARN__DUPLICATE_METHOD_MATCH = YES;
				COPY_PHASE_STRIP = NO;
				DEBUG_INFORMATION_FORMAT = "dwarf-with-dsym";
				ENABLE_NS_ASSERTIONS = NO;
				ENABLE_STRICT_OBJC_MSGSEND = YES;
				GCC_C_LANGUAGE_STANDARD = gnu11;
				GCC_NO_COMMON_BLOCKS = YES;
				GCC_WARN_64_TO_32_BIT_CONVERSION = YES;
				GCC_WARN_ABOUT_RETURN_TYPE = YES_ERROR;
				GCC_WARN_UNDECLARED_SELECTOR = YES;
				GCC_WARN_UNINITIALIZED_AUTOS = YES_AGGRESSIVE;
				GCC_WARN_UNUSED_FUNCTION = YES;
				GCC_WARN_UNUSED_VARIABLE = YES;
				IPHONEOS_DEPLOYMENT_TARGET = 16.4;
				MTL_ENABLE_DEBUG_INFO = NO;
				MTL_FAST_MATH = YES;
				SDKROOT = iphoneos;
				SWIFT_COMPILATION_MODE = wholemodule;
				SWIFT_OPTIMIZATION_LEVEL = "-O";
				VALIDATE_PRODUCT = YES;
			};
			name = Release;
		};
		1DBA4DF92AB04C53009E615C /* Debug */ = {
			isa = XCBuildConfiguration;
			buildSettings = {
				ASSETCATALOG_COMPILER_APPICON_NAME = AppIcon;
				ASSETCATALOG_COMPILER_GLOBAL_ACCENT_COLOR_NAME = AccentColor;
				CODE_SIGN_STYLE = Automatic;
				CURRENT_PROJECT_VERSION = 1;
				DEVELOPMENT_TEAM = WVX5V7QT8W;
				GENERATE_INFOPLIST_FILE = YES;
				INFOPLIST_FILE = myToDoList/Info.plist;
				INFOPLIST_KEY_UIApplicationSupportsIndirectInputEvents = YES;
				INFOPLIST_KEY_UILaunchStoryboardName = LaunchScreen;
				INFOPLIST_KEY_UISupportedInterfaceOrientations_iPad = "UIInterfaceOrientationPortrait UIInterfaceOrientationPortraitUpsideDown UIInterfaceOrientationLandscapeLeft UIInterfaceOrientationLandscapeRight";
				INFOPLIST_KEY_UISupportedInterfaceOrientations_iPhone = "UIInterfaceOrientationPortrait UIInterfaceOrientationLandscapeLeft UIInterfaceOrientationLandscapeRight";
				LD_RUNPATH_SEARCH_PATHS = (
					"$(inherited)",
					"@executable_path/Frameworks",
				);
				MARKETING_VERSION = 1.0;
				PRODUCT_BUNDLE_IDENTIFIER = "suzzang-g.myToDoList";
				PRODUCT_NAME = "$(TARGET_NAME)";
				SWIFT_EMIT_LOC_STRINGS = YES;
				SWIFT_VERSION = 5.0;
				TARGETED_DEVICE_FAMILY = "1,2";
			};
			name = Debug;
		};
		1DBA4DFA2AB04C53009E615C /* Release */ = {
			isa = XCBuildConfiguration;
			buildSettings = {
				ASSETCATALOG_COMPILER_APPICON_NAME = AppIcon;
				ASSETCATALOG_COMPILER_GLOBAL_ACCENT_COLOR_NAME = AccentColor;
				CODE_SIGN_STYLE = Automatic;
				CURRENT_PROJECT_VERSION = 1;
				DEVELOPMENT_TEAM = WVX5V7QT8W;
				GENERATE_INFOPLIST_FILE = YES;
				INFOPLIST_FILE = myToDoList/Info.plist;
				INFOPLIST_KEY_UIApplicationSupportsIndirectInputEvents = YES;
				INFOPLIST_KEY_UILaunchStoryboardName = LaunchScreen;
				INFOPLIST_KEY_UISupportedInterfaceOrientations_iPad = "UIInterfaceOrientationPortrait UIInterfaceOrientationPortraitUpsideDown UIInterfaceOrientationLandscapeLeft UIInterfaceOrientationLandscapeRight";
				INFOPLIST_KEY_UISupportedInterfaceOrientations_iPhone = "UIInterfaceOrientationPortrait UIInterfaceOrientationLandscapeLeft UIInterfaceOrientationLandscapeRight";
				LD_RUNPATH_SEARCH_PATHS = (
					"$(inherited)",
					"@executable_path/Frameworks",
				);
				MARKETING_VERSION = 1.0;
				PRODUCT_BUNDLE_IDENTIFIER = "suzzang-g.myToDoList";
				PRODUCT_NAME = "$(TARGET_NAME)";
				SWIFT_EMIT_LOC_STRINGS = YES;
				SWIFT_VERSION = 5.0;
				TARGETED_DEVICE_FAMILY = "1,2";
			};
			name = Release;
		};
/* End XCBuildConfiguration section */

/* Begin XCConfigurationList section */
		1DBA4DDF2AB04C52009E615C /* Build configuration list for PBXProject "myToDoList" */ = {
			isa = XCConfigurationList;
			buildConfigurations = (
				1DBA4DF62AB04C53009E615C /* Debug */,
				1DBA4DF72AB04C53009E615C /* Release */,
			);
			defaultConfigurationIsVisible = 0;
			defaultConfigurationName = Release;
		};
		1DBA4DF82AB04C53009E615C /* Build configuration list for PBXNativeTarget "myToDoList" */ = {
			isa = XCConfigurationList;
			buildConfigurations = (
				1DBA4DF92AB04C53009E615C /* Debug */,
				1DBA4DFA2AB04C53009E615C /* Release */,
			);
			defaultConfigurationIsVisible = 0;
			defaultConfigurationName = Release;
		};
/* End XCConfigurationList section */

/* Begin XCRemoteSwiftPackageReference section */
		1DBA4DFB2AB05BEB009E615C /* XCRemoteSwiftPackageReference "SnapKit" */ = {
			isa = XCRemoteSwiftPackageReference;
			repositoryURL = "https://github.com/SnapKit/SnapKit.git";
			requirement = {
				kind = upToNextMajorVersion;
				minimumVersion = 5.0.0;
			};
		};
		1DBA4E312AB81CB1009E615C /* XCRemoteSwiftPackageReference "Alamofire" */ = {
			isa = XCRemoteSwiftPackageReference;
			repositoryURL = "https://github.com/Alamofire/Alamofire.git";
			requirement = {
				kind = upToNextMajorVersion;
				minimumVersion = 5.0.0;
			};
		};
/* End XCRemoteSwiftPackageReference section */

/* Begin XCSwiftPackageProductDependency section */
		1DBA4DFC2AB05BEB009E615C /* SnapKit */ = {
			isa = XCSwiftPackageProductDependency;
			package = 1DBA4DFB2AB05BEB009E615C /* XCRemoteSwiftPackageReference "SnapKit" */;
			productName = SnapKit;
		};
		1DBA4E322AB81CB1009E615C /* Alamofire */ = {
			isa = XCSwiftPackageProductDependency;
			package = 1DBA4E312AB81CB1009E615C /* XCRemoteSwiftPackageReference "Alamofire" */;
			productName = Alamofire;
		};
/* End XCSwiftPackageProductDependency section */

/* Begin XCVersionGroup section */
		1D012DCF2ABC1A520046BAD7 /* TaskModel.xcdatamodeld */ = {
			isa = XCVersionGroup;
			children = (
				1D012DD02ABC1A520046BAD7 /* TaskModel.xcdatamodel */,
			);
			currentVersion = 1D012DD02ABC1A520046BAD7 /* TaskModel.xcdatamodel */;
			path = TaskModel.xcdatamodeld;
			sourceTree = "<group>";
			versionGroupType = wrapper.xcdatamodel;
		};
/* End XCVersionGroup section */
	};
	rootObject = 1DBA4DDC2AB04C52009E615C /* Project object */;
}
